
Microsoft Visual Studio Solution File, Format Version 12.00
# Visual Studio Version 17
VisualStudioVersion = 17.7.34202.233
MinimumVisualStudioVersion = 10.0.40219.1
Project("{FAE04EC0-301F-11D3-BF4B-00C04F79EFBC}") = "ScreenShare", "Screen\ScreenShare.csproj", "{44B194E9-DC96-4978-8D42-F911A9739731}"
EndProject
Project("{FAE04EC0-301F-11D3-BF4B-00C04F79EFBC}") = "ServerSide", "ServerSide\ServerSide.csproj", "{F16DAD8F-E84F-4DB4-8356-DC9C13959C60}"
EndProject
Global
	GlobalSection(SolutionConfigurationPlatforms) = preSolution
		Debug|Any CPU = Debug|Any CPU
		Release|Any CPU = Release|Any CPU
	EndGlobalSection
	GlobalSection(ProjectConfigurationPlatforms) = postSolution
		{44B194E9-DC96-4978-8D42-F911A9739731}.Debug|Any CPU.ActiveCfg = Debug|Any CPU
		{44B194E9-DC96-4978-8D42-F911A9739731}.Debug|Any CPU.Build.0 = Debug|Any CPU
		{44B194E9-DC96-4978-8D42-F911A9739731}.Release|Any CPU.ActiveCfg = Release|Any CPU
		{44B194E9-DC96-4978-8D42-F911A9739731}.Release|Any CPU.Build.0 = Release|Any CPU
		{F16DAD8F-E84F-4DB4-8356-DC9C13959C60}.Debug|Any CPU.ActiveCfg = Debug|Any CPU
		{F16DAD8F-E84F-4DB4-8356-DC9C13959C60}.Debug|Any CPU.Build.0 = Debug|Any CPU
		{F16DAD8F-E84F-4DB4-8356-DC9C13959C60}.Release|Any CPU.ActiveCfg = Release|Any CPU
		{F16DAD8F-E84F-4DB4-8356-DC9C13959C60}.Release|Any CPU.Build.0 = Release|Any CPU
	EndGlobalSection
	GlobalSection(SolutionProperties) = preSolution
		HideSolutionNode = FALSE
	EndGlobalSection
	GlobalSection(ExtensibilityGlobals) = postSolution
		SolutionGuid = {C5DE8225-7D5B-417E-A112-136F707029AB}
	EndGlobalSection
EndGlobal
